
Microsoft Visual Studio Solution File, Format Version 12.00
# Visual Studio Version 17
VisualStudioVersion = 17.4.33122.133
MinimumVisualStudioVersion = 10.0.40219.1
Project("{FAE04EC0-301F-11D3-BF4B-00C04F79EFBC}") = "AppointmentScheduler_MarcinJunka", "AppointmentScheduler_MarcinJunka\AppointmentScheduler_MarcinJunka.csproj", "{DEA7C604-4C72-4E40-B092-77ADD32644F8}"
EndProject
Global
	GlobalSection(SolutionConfigurationPlatforms) = preSolution
		Debug|Any CPU = Debug|Any CPU
		Release|Any CPU = Release|Any CPU
	EndGlobalSection
	GlobalSection(ProjectConfigurationPlatforms) = postSolution
		{DEA7C604-4C72-4E40-B092-77ADD32644F8}.Debug|Any CPU.ActiveCfg = Debug|Any CPU
		{DEA7C604-4C72-4E40-B092-77ADD32644F8}.Debug|Any CPU.Build.0 = Debug|Any CPU
		{DEA7C604-4C72-4E40-B092-77ADD32644F8}.Release|Any CPU.ActiveCfg = Release|Any CPU
		{DEA7C604-4C72-4E40-B092-77ADD32644F8}.Release|Any CPU.Build.0 = Release|Any CPU
	EndGlobalSection
	GlobalSection(SolutionProperties) = preSolution
		HideSolutionNode = FALSE
	EndGlobalSection
	GlobalSection(ExtensibilityGlobals) = postSolution
		SolutionGuid = {3ED61037-4651-4EAF-9E98-2C5E9D62FFAA}
	EndGlobalSection
EndGlobal
